
Microsoft Visual Studio Solution File, Format Version 12.00
# Visual Studio Version 16
VisualStudioVersion = 16.0.29911.84
MinimumVisualStudioVersion = 10.0.40219.1
Project("{FAE04EC0-301F-11D3-BF4B-00C04F79EFBC}") = "CandleStickMachineLearning", "CandleStickMachineLearningConsole\CandleStickMachineLearningConsole.csproj", "{0B72CFAE-C3C1-4D77-92FC-0490BD393DF6}"
EndProject
Global
	GlobalSection(SolutionConfigurationPlatforms) = preSolution
		Debug|Any CPU = Debug|Any CPU
		Release|Any CPU = Release|Any CPU
	EndGlobalSection
	GlobalSection(ProjectConfigurationPlatforms) = postSolution
		{0B72CFAE-C3C1-4D77-92FC-0490BD393DF6}.Debug|Any CPU.ActiveCfg = Debug|Any CPU
		{0B72CFAE-C3C1-4D77-92FC-0490BD393DF6}.Debug|Any CPU.Build.0 = Debug|Any CPU
		{0B72CFAE-C3C1-4D77-92FC-0490BD393DF6}.Release|Any CPU.ActiveCfg = Release|Any CPU
		{0B72CFAE-C3C1-4D77-92FC-0490BD393DF6}.Release|Any CPU.Build.0 = Release|Any CPU
	EndGlobalSection
	GlobalSection(SolutionProperties) = preSolution
		HideSolutionNode = FALSE
	EndGlobalSection
	GlobalSection(ExtensibilityGlobals) = postSolution
		SolutionGuid = {417598B8-EEF5-4D66-8137-CAA60189950F}
	EndGlobalSection
EndGlobal
